{
  "object": {
    "pins": [
      {
        "package": "Flatten",
        "repositoryURL": "https://github.com/YusukeHosonuma/Flatten.git",
        "state": {
          "branch": null,
          "revision": "5286148aa255f57863e0d7e2b827ca6b91677051",
          "version": "0.1.0"
        }
      },
      {
        "package": "SHList",
        "repositoryURL": "https://github.com/YusukeHosonuma/SHList.git",
        "state": {
          "branch": "master",
          "revision": "eb618555af07e637510d79e5d90dc156122dbab7",
          "version": null
        }
      }
    ]
  },
  "version": 1
}
