{
  "object": {
    "pins": [
      {
        "package": "Flatten",
        "repositoryURL": "https://github.com/YusukeHosonuma/Flatten.git",
        "state": {
          "branch": null,
          "revision": "5286148aa255f57863e0d7e2b827ca6b91677051",
          "version": "0.1.0"
        }
      },
      {
        "package": "SHList",
        "repositoryURL": "https://github.com/YusukeHosonuma/SHList.git",
        "state": {
          "branch": null,
          "revision": "6c61f5382dd07a64d76bc8b7fad8cec0d8a4ff7a",
          "version": "0.1.0"
        }
      }
    ]
  },
  "version": 1
}
