// !$*UTF8*$!
{
	archiveVersion = 1;
	classes = {
	};
	objectVersion = 46;
	objects = {

/* Begin PBXAggregateTarget section */
		"SwiftParamTest::SwiftParamTestPackageTests::ProductTarget" /* SwiftParamTestPackageTests */ = {
			isa = PBXAggregateTarget;
			buildConfigurationList = OBJ_39 /* Build configuration list for PBXAggregateTarget "SwiftParamTestPackageTests" */;
			buildPhases = (
			);
			dependencies = (
				OBJ_42 /* PBXTargetDependency */,
			);
			name = SwiftParamTestPackageTests;
			productName = SwiftParamTestPackageTests;
		};
/* End PBXAggregateTarget section */

/* Begin PBXBuildFile section */
		E51AFC13242B9848005F3529 /* OperatorTests.swift in Sources */ = {isa = PBXBuildFile; fileRef = E51AFC12242B9848005F3529 /* OperatorTests.swift */; };
		E51AFC15242B9F5F005F3529 /* ParameterizedTest.swift in Sources */ = {isa = PBXBuildFile; fileRef = E51AFC14242B9F5F005F3529 /* ParameterizedTest.swift */; };
		E51AFC17242BA011005F3529 /* CustomAssertion.swift in Sources */ = {isa = PBXBuildFile; fileRef = E51AFC16242BA011005F3529 /* CustomAssertion.swift */; };
		E51AFC1A242BA0A7005F3529 /* SpyCustomAssertion.swift in Sources */ = {isa = PBXBuildFile; fileRef = E51AFC19242BA0A7005F3529 /* SpyCustomAssertion.swift */; };
		E51AFC1D242BA16D005F3529 /* MarkdownTable.swift in Sources */ = {isa = PBXBuildFile; fileRef = E51AFC1C242BA16D005F3529 /* MarkdownTable.swift */; };
		E52C7079241E328800D6BE41 /* Flatten.swift in Sources */ = {isa = PBXBuildFile; fileRef = E52C7078241E328800D6BE41 /* Flatten.swift */; };
		E55DBAB2240916C3009D5C20 /* FunctionBuilderDSLTests.swift in Sources */ = {isa = PBXBuildFile; fileRef = E55DBAB1240916C3009D5C20 /* FunctionBuilderDSLTests.swift */; };
		E5A38544241A3E62006501FA /* BasicDSLTests.swift in Sources */ = {isa = PBXBuildFile; fileRef = E5A38543241A3E62006501FA /* BasicDSLTests.swift */; };
		E5A38546241A3F20006501FA /* Function.swift in Sources */ = {isa = PBXBuildFile; fileRef = E5A38545241A3F20006501FA /* Function.swift */; };
		E5A3854A241A400D006501FA /* BasicDSLAssert.swift in Sources */ = {isa = PBXBuildFile; fileRef = E5A38549241A400D006501FA /* BasicDSLAssert.swift */; };
		E5C3B8872422690100AC7926 /* MarkdownTableTests.swift in Sources */ = {isa = PBXBuildFile; fileRef = E5C3B8862422690100AC7926 /* MarkdownTableTests.swift */; };
		E5C3B88A24226B5C00AC7926 /* Assertions.swift in Sources */ = {isa = PBXBuildFile; fileRef = E5C3B88924226B5C00AC7926 /* Assertions.swift */; };
		E5CA4920241F92890068ED90 /* ParameterizedTestRunnerTests.swift in Sources */ = {isa = PBXBuildFile; fileRef = E5CA491F241F92890068ED90 /* ParameterizedTestRunnerTests.swift */; };
		E5E40F032425D86E00A48EAE /* Row.swift in Sources */ = {isa = PBXBuildFile; fileRef = E5E40F022425D86E00A48EAE /* Row.swift */; };
		E5E40F052425D8D900A48EAE /* ParameterizedTestRunner.swift in Sources */ = {isa = PBXBuildFile; fileRef = E5E40F042425D8D900A48EAE /* ParameterizedTestRunner.swift */; };
		E5E40F072425D94400A48EAE /* ParameterBuilder.swift in Sources */ = {isa = PBXBuildFile; fileRef = E5E40F062425D94400A48EAE /* ParameterBuilder.swift */; };
		E5E40F0A2425DA5200A48EAE /* FunctionBuilderDSLAssert.swift in Sources */ = {isa = PBXBuildFile; fileRef = E5E40F092425DA5200A48EAE /* FunctionBuilderDSLAssert.swift */; };
		E5E40F0C2425DA8500A48EAE /* Args.swift in Sources */ = {isa = PBXBuildFile; fileRef = E5E40F0B2425DA8500A48EAE /* Args.swift */; };
		E5E40F0F2425DBA100A48EAE /* Operator.swift in Sources */ = {isa = PBXBuildFile; fileRef = E5E40F0E2425DBA100A48EAE /* Operator.swift */; };
		OBJ_37 /* Package.swift in Sources */ = {isa = PBXBuildFile; fileRef = OBJ_6 /* Package.swift */; };
		OBJ_50 /* SwiftParamTest.framework in Frameworks */ = {isa = PBXBuildFile; fileRef = "SwiftParamTest::SwiftParamTest::Product" /* SwiftParamTest.framework */; };
/* End PBXBuildFile section */

/* Begin PBXContainerItemProxy section */
		E5A068482407AF0300FF06E4 /* PBXContainerItemProxy */ = {
			isa = PBXContainerItemProxy;
			containerPortal = OBJ_1 /* Project object */;
			proxyType = 1;
			remoteGlobalIDString = "SwiftParamTest::SwiftParamTest";
			remoteInfo = SwiftParamTest;
		};
		E5A068492407AF0400FF06E4 /* PBXContainerItemProxy */ = {
			isa = PBXContainerItemProxy;
			containerPortal = OBJ_1 /* Project object */;
			proxyType = 1;
			remoteGlobalIDString = "SwiftParamTest::SwiftParamTestTests";
			remoteInfo = SwiftParamTestTests;
		};
/* End PBXContainerItemProxy section */

/* Begin PBXFileReference section */
		E51AFC12242B9848005F3529 /* OperatorTests.swift */ = {isa = PBXFileReference; lastKnownFileType = sourcecode.swift; path = OperatorTests.swift; sourceTree = "<group>"; };
		E51AFC14242B9F5F005F3529 /* ParameterizedTest.swift */ = {isa = PBXFileReference; lastKnownFileType = sourcecode.swift; path = ParameterizedTest.swift; sourceTree = "<group>"; };
		E51AFC16242BA011005F3529 /* CustomAssertion.swift */ = {isa = PBXFileReference; fileEncoding = 4; lastKnownFileType = sourcecode.swift; name = CustomAssertion.swift; path = Sources/CustomAssertion.swift; sourceTree = SOURCE_ROOT; };
		E51AFC19242BA0A7005F3529 /* SpyCustomAssertion.swift */ = {isa = PBXFileReference; lastKnownFileType = sourcecode.swift; path = SpyCustomAssertion.swift; sourceTree = "<group>"; };
		E51AFC1C242BA16D005F3529 /* MarkdownTable.swift */ = {isa = PBXFileReference; lastKnownFileType = sourcecode.swift; path = MarkdownTable.swift; sourceTree = "<group>"; };
		E52C7078241E328800D6BE41 /* Flatten.swift */ = {isa = PBXFileReference; lastKnownFileType = sourcecode.swift; path = Flatten.swift; sourceTree = "<group>"; };
		E55DBAB1240916C3009D5C20 /* FunctionBuilderDSLTests.swift */ = {isa = PBXFileReference; lastKnownFileType = sourcecode.swift; path = FunctionBuilderDSLTests.swift; sourceTree = "<group>"; };
		E5A0684B2407B00800FF06E4 /* XCTest.framework */ = {isa = PBXFileReference; lastKnownFileType = wrapper.framework; name = XCTest.framework; path = Platforms/iPhoneOS.platform/Developer/Library/Frameworks/XCTest.framework; sourceTree = DEVELOPER_DIR; };
		E5A38543241A3E62006501FA /* BasicDSLTests.swift */ = {isa = PBXFileReference; lastKnownFileType = sourcecode.swift; path = BasicDSLTests.swift; sourceTree = "<group>"; };
		E5A38545241A3F20006501FA /* Function.swift */ = {isa = PBXFileReference; lastKnownFileType = sourcecode.swift; path = Function.swift; sourceTree = "<group>"; };
		E5A38549241A400D006501FA /* BasicDSLAssert.swift */ = {isa = PBXFileReference; lastKnownFileType = sourcecode.swift; path = BasicDSLAssert.swift; sourceTree = "<group>"; };
		E5C3B8862422690100AC7926 /* MarkdownTableTests.swift */ = {isa = PBXFileReference; lastKnownFileType = sourcecode.swift; path = MarkdownTableTests.swift; sourceTree = "<group>"; };
		E5C3B88924226B5C00AC7926 /* Assertions.swift */ = {isa = PBXFileReference; lastKnownFileType = sourcecode.swift; path = Assertions.swift; sourceTree = "<group>"; };
		E5CA491F241F92890068ED90 /* ParameterizedTestRunnerTests.swift */ = {isa = PBXFileReference; lastKnownFileType = sourcecode.swift; path = ParameterizedTestRunnerTests.swift; sourceTree = "<group>"; };
		E5E40F022425D86E00A48EAE /* Row.swift */ = {isa = PBXFileReference; lastKnownFileType = sourcecode.swift; path = Row.swift; sourceTree = "<group>"; };
		E5E40F042425D8D900A48EAE /* ParameterizedTestRunner.swift */ = {isa = PBXFileReference; lastKnownFileType = sourcecode.swift; path = ParameterizedTestRunner.swift; sourceTree = "<group>"; };
		E5E40F062425D94400A48EAE /* ParameterBuilder.swift */ = {isa = PBXFileReference; lastKnownFileType = sourcecode.swift; path = ParameterBuilder.swift; sourceTree = "<group>"; };
		E5E40F092425DA5200A48EAE /* FunctionBuilderDSLAssert.swift */ = {isa = PBXFileReference; lastKnownFileType = sourcecode.swift; path = FunctionBuilderDSLAssert.swift; sourceTree = "<group>"; };
		E5E40F0B2425DA8500A48EAE /* Args.swift */ = {isa = PBXFileReference; lastKnownFileType = sourcecode.swift; path = Args.swift; sourceTree = "<group>"; };
		E5E40F0E2425DBA100A48EAE /* Operator.swift */ = {isa = PBXFileReference; lastKnownFileType = sourcecode.swift; path = Operator.swift; sourceTree = "<group>"; };
		OBJ_15 /* Example */ = {isa = PBXFileReference; lastKnownFileType = folder; path = Example; sourceTree = SOURCE_ROOT; };
		OBJ_16 /* vendor */ = {isa = PBXFileReference; lastKnownFileType = folder; path = vendor; sourceTree = SOURCE_ROOT; };
		OBJ_17 /* LICENSE */ = {isa = PBXFileReference; lastKnownFileType = text; path = LICENSE; sourceTree = "<group>"; };
		OBJ_18 /* Makefile */ = {isa = PBXFileReference; lastKnownFileType = sourcecode.make; path = Makefile; sourceTree = "<group>"; };
		OBJ_19 /* screenshot.png */ = {isa = PBXFileReference; lastKnownFileType = image.png; path = screenshot.png; sourceTree = "<group>"; };
		OBJ_20 /* README.md */ = {isa = PBXFileReference; lastKnownFileType = net.daringfireball.markdown; path = README.md; sourceTree = "<group>"; };
		OBJ_21 /* Gemfile */ = {isa = PBXFileReference; lastKnownFileType = text; path = Gemfile; sourceTree = "<group>"; };
		OBJ_22 /* Gemfile.lock */ = {isa = PBXFileReference; lastKnownFileType = text; path = Gemfile.lock; sourceTree = "<group>"; };
		OBJ_23 /* SwiftParamTest.podspec */ = {isa = PBXFileReference; lastKnownFileType = text; path = SwiftParamTest.podspec; sourceTree = "<group>"; };
		OBJ_6 /* Package.swift */ = {isa = PBXFileReference; explicitFileType = sourcecode.swift; path = Package.swift; sourceTree = "<group>"; };
		"SwiftParamTest::SwiftParamTest::Product" /* SwiftParamTest.framework */ = {isa = PBXFileReference; explicitFileType = wrapper.framework; path = SwiftParamTest.framework; sourceTree = BUILT_PRODUCTS_DIR; };
		"SwiftParamTest::SwiftParamTestTests::Product" /* SwiftParamTestTests.xctest */ = {isa = PBXFileReference; lastKnownFileType = file; path = SwiftParamTestTests.xctest; sourceTree = BUILT_PRODUCTS_DIR; };
/* End PBXFileReference section */

/* Begin PBXFrameworksBuildPhase section */
		OBJ_31 /* Frameworks */ = {
			isa = PBXFrameworksBuildPhase;
			buildActionMask = 0;
			files = (
			);
			runOnlyForDeploymentPostprocessing = 0;
		};
		OBJ_49 /* Frameworks */ = {
			isa = PBXFrameworksBuildPhase;
			buildActionMask = 0;
			files = (
				OBJ_50 /* SwiftParamTest.framework in Frameworks */,
			);
			runOnlyForDeploymentPostprocessing = 0;
		};
/* End PBXFrameworksBuildPhase section */

/* Begin PBXGroup section */
		4BC02A72241B4B9900540911 /* SwiftParamTestTests */ = {
			isa = PBXGroup;
			children = (
				E51AFC18242BA089005F3529 /* _Asset */,
				E5C3B88824226B4900AC7926 /* _Helper */,
				E51AFC1B242BA0F5005F3529 /* Core */,
				E5A3854C241A41DD006501FA /* DSL */,
				E51AFC1F242BA1BB005F3529 /* Util */,
				E5C3B8862422690100AC7926 /* MarkdownTableTests.swift */,
			);
			path = SwiftParamTestTests;
			sourceTree = "<group>";
		};
		E51AFC18242BA089005F3529 /* _Asset */ = {
			isa = PBXGroup;
			children = (
				E5A38545241A3F20006501FA /* Function.swift */,
			);
			path = _Asset;
			sourceTree = "<group>";
		};
		E51AFC1B242BA0F5005F3529 /* Core */ = {
			isa = PBXGroup;
			children = (
				E5CA491F241F92890068ED90 /* ParameterizedTestRunnerTests.swift */,
			);
			path = Core;
			sourceTree = "<group>";
		};
		E51AFC1E242BA1AF005F3529 /* Util */ = {
			isa = PBXGroup;
			children = (
				E52C7078241E328800D6BE41 /* Flatten.swift */,
				E51AFC1C242BA16D005F3529 /* MarkdownTable.swift */,
			);
			path = Util;
			sourceTree = "<group>";
		};
		E51AFC1F242BA1BB005F3529 /* Util */ = {
			isa = PBXGroup;
			children = (
			);
			path = Util;
			sourceTree = "<group>";
		};
		E5A0684A2407B00700FF06E4 /* Frameworks */ = {
			isa = PBXGroup;
			children = (
				E5A0684B2407B00800FF06E4 /* XCTest.framework */,
			);
			name = Frameworks;
			sourceTree = "<group>";
		};
		E5A3854B241A41D4006501FA /* DSL */ = {
			isa = PBXGroup;
			children = (
				E5E40F0D2425DACA00A48EAE /* Basic */,
				E5E40F082425DA2D00A48EAE /* FunctionBuilder */,
				E5E40F0E2425DBA100A48EAE /* Operator.swift */,
				E5E40F0B2425DA8500A48EAE /* Args.swift */,
			);
			path = DSL;
			sourceTree = "<group>";
		};
		E5A3854C241A41DD006501FA /* DSL */ = {
			isa = PBXGroup;
			children = (
				E55DBAB1240916C3009D5C20 /* FunctionBuilderDSLTests.swift */,
				E5A38543241A3E62006501FA /* BasicDSLTests.swift */,
				E51AFC12242B9848005F3529 /* OperatorTests.swift */,
			);
			path = DSL;
			sourceTree = "<group>";
		};
		E5C3B88824226B4900AC7926 /* _Helper */ = {
			isa = PBXGroup;
			children = (
				E5C3B88924226B5C00AC7926 /* Assertions.swift */,
				E51AFC19242BA0A7005F3529 /* SpyCustomAssertion.swift */,
			);
			path = _Helper;
			sourceTree = "<group>";
		};
		E5E40F012425D85600A48EAE /* Core */ = {
			isa = PBXGroup;
			children = (
				E51AFC16242BA011005F3529 /* CustomAssertion.swift */,
				E5E40F022425D86E00A48EAE /* Row.swift */,
				E5E40F042425D8D900A48EAE /* ParameterizedTestRunner.swift */,
				E51AFC14242B9F5F005F3529 /* ParameterizedTest.swift */,
			);
			path = Core;
			sourceTree = "<group>";
		};
		E5E40F082425DA2D00A48EAE /* FunctionBuilder */ = {
			isa = PBXGroup;
			children = (
				E5E40F062425D94400A48EAE /* ParameterBuilder.swift */,
				E5E40F092425DA5200A48EAE /* FunctionBuilderDSLAssert.swift */,
			);
			path = FunctionBuilder;
			sourceTree = "<group>";
		};
		E5E40F0D2425DACA00A48EAE /* Basic */ = {
			isa = PBXGroup;
			children = (
				E5A38549241A400D006501FA /* BasicDSLAssert.swift */,
			);
			path = Basic;
			sourceTree = "<group>";
		};
		OBJ_10 /* Tests */ = {
			isa = PBXGroup;
			children = (
				4BC02A72241B4B9900540911 /* SwiftParamTestTests */,
			);
			path = Tests;
			sourceTree = SOURCE_ROOT;
		};
		OBJ_12 /* Products */ = {
			isa = PBXGroup;
			children = (
				"SwiftParamTest::SwiftParamTest::Product" /* SwiftParamTest.framework */,
				"SwiftParamTest::SwiftParamTestTests::Product" /* SwiftParamTestTests.xctest */,
			);
			name = Products;
			sourceTree = BUILT_PRODUCTS_DIR;
		};
		OBJ_5 = {
			isa = PBXGroup;
			children = (
				OBJ_6 /* Package.swift */,
				OBJ_7 /* Sources */,
				OBJ_10 /* Tests */,
				OBJ_12 /* Products */,
				OBJ_15 /* Example */,
				OBJ_16 /* vendor */,
				OBJ_17 /* LICENSE */,
				OBJ_18 /* Makefile */,
				OBJ_19 /* screenshot.png */,
				OBJ_20 /* README.md */,
				OBJ_21 /* Gemfile */,
				OBJ_22 /* Gemfile.lock */,
				OBJ_23 /* SwiftParamTest.podspec */,
				E5A0684A2407B00700FF06E4 /* Frameworks */,
			);
			sourceTree = "<group>";
		};
		OBJ_7 /* Sources */ = {
			isa = PBXGroup;
			children = (
				E5E40F012425D85600A48EAE /* Core */,
				E5A3854B241A41D4006501FA /* DSL */,
				E51AFC1E242BA1AF005F3529 /* Util */,
			);
			path = Sources;
			sourceTree = SOURCE_ROOT;
		};
/* End PBXGroup section */

/* Begin PBXNativeTarget section */
		"SwiftParamTest::SwiftPMPackageDescription" /* SwiftParamTestPackageDescription */ = {
			isa = PBXNativeTarget;
			buildConfigurationList = OBJ_33 /* Build configuration list for PBXNativeTarget "SwiftParamTestPackageDescription" */;
			buildPhases = (
				OBJ_36 /* Sources */,
			);
			buildRules = (
			);
			dependencies = (
			);
			name = SwiftParamTestPackageDescription;
			productName = SwiftParamTestPackageDescription;
			productType = "com.apple.product-type.framework";
		};
		"SwiftParamTest::SwiftParamTest" /* SwiftParamTest */ = {
			isa = PBXNativeTarget;
			buildConfigurationList = OBJ_25 /* Build configuration list for PBXNativeTarget "SwiftParamTest" */;
			buildPhases = (
				OBJ_28 /* Sources */,
				OBJ_31 /* Frameworks */,
			);
			buildRules = (
			);
			dependencies = (
			);
			name = SwiftParamTest;
			productName = SwiftParamTest;
			productReference = "SwiftParamTest::SwiftParamTest::Product" /* SwiftParamTest.framework */;
			productType = "com.apple.product-type.framework";
		};
		"SwiftParamTest::SwiftParamTestTests" /* SwiftParamTestTests */ = {
			isa = PBXNativeTarget;
			buildConfigurationList = OBJ_44 /* Build configuration list for PBXNativeTarget "SwiftParamTestTests" */;
			buildPhases = (
				OBJ_47 /* Sources */,
				OBJ_49 /* Frameworks */,
			);
			buildRules = (
			);
			dependencies = (
				OBJ_51 /* PBXTargetDependency */,
			);
			name = SwiftParamTestTests;
			productName = SwiftParamTestTests;
			productReference = "SwiftParamTest::SwiftParamTestTests::Product" /* SwiftParamTestTests.xctest */;
			productType = "com.apple.product-type.bundle.unit-test";
		};
/* End PBXNativeTarget section */

/* Begin PBXProject section */
		OBJ_1 /* Project object */ = {
			isa = PBXProject;
			attributes = {
				LastSwiftMigration = 9999;
				LastUpgradeCheck = 9999;
			};
			buildConfigurationList = OBJ_2 /* Build configuration list for PBXProject "SwiftParamTest" */;
			compatibilityVersion = "Xcode 3.2";
			developmentRegion = en;
			hasScannedForEncodings = 0;
			knownRegions = (
				en,
			);
			mainGroup = OBJ_5;
			productRefGroup = OBJ_12 /* Products */;
			projectDirPath = "";
			projectRoot = "";
			targets = (
				"SwiftParamTest::SwiftParamTest" /* SwiftParamTest */,
				"SwiftParamTest::SwiftPMPackageDescription" /* SwiftParamTestPackageDescription */,
				"SwiftParamTest::SwiftParamTestPackageTests::ProductTarget" /* SwiftParamTestPackageTests */,
				"SwiftParamTest::SwiftParamTestTests" /* SwiftParamTestTests */,
			);
		};
/* End PBXProject section */

/* Begin PBXSourcesBuildPhase section */
		OBJ_28 /* Sources */ = {
			isa = PBXSourcesBuildPhase;
			buildActionMask = 0;
			files = (
				E5E40F0A2425DA5200A48EAE /* FunctionBuilderDSLAssert.swift in Sources */,
				E5E40F052425D8D900A48EAE /* ParameterizedTestRunner.swift in Sources */,
				E5A3854A241A400D006501FA /* BasicDSLAssert.swift in Sources */,
				E5E40F072425D94400A48EAE /* ParameterBuilder.swift in Sources */,
				E51AFC15242B9F5F005F3529 /* ParameterizedTest.swift in Sources */,
				E5E40F032425D86E00A48EAE /* Row.swift in Sources */,
				E5E40F0F2425DBA100A48EAE /* Operator.swift in Sources */,
				E5E40F0C2425DA8500A48EAE /* Args.swift in Sources */,
				E51AFC1D242BA16D005F3529 /* MarkdownTable.swift in Sources */,
				E51AFC17242BA011005F3529 /* CustomAssertion.swift in Sources */,
				E52C7079241E328800D6BE41 /* Flatten.swift in Sources */,
			);
			runOnlyForDeploymentPostprocessing = 0;
		};
		OBJ_36 /* Sources */ = {
			isa = PBXSourcesBuildPhase;
			buildActionMask = 0;
			files = (
				OBJ_37 /* Package.swift in Sources */,
			);
			runOnlyForDeploymentPostprocessing = 0;
		};
		OBJ_47 /* Sources */ = {
			isa = PBXSourcesBuildPhase;
			buildActionMask = 0;
			files = (
				E5A38544241A3E62006501FA /* BasicDSLTests.swift in Sources */,
				E5C3B8872422690100AC7926 /* MarkdownTableTests.swift in Sources */,
				E51AFC1A242BA0A7005F3529 /* SpyCustomAssertion.swift in Sources */,
				E5CA4920241F92890068ED90 /* ParameterizedTestRunnerTests.swift in Sources */,
				E5C3B88A24226B5C00AC7926 /* Assertions.swift in Sources */,
				E51AFC13242B9848005F3529 /* OperatorTests.swift in Sources */,
				E55DBAB2240916C3009D5C20 /* FunctionBuilderDSLTests.swift in Sources */,
				E5A38546241A3F20006501FA /* Function.swift in Sources */,
			);
			runOnlyForDeploymentPostprocessing = 0;
		};
/* End PBXSourcesBuildPhase section */

/* Begin PBXTargetDependency section */
		OBJ_42 /* PBXTargetDependency */ = {
			isa = PBXTargetDependency;
			target = "SwiftParamTest::SwiftParamTestTests" /* SwiftParamTestTests */;
			targetProxy = E5A068492407AF0400FF06E4 /* PBXContainerItemProxy */;
		};
		OBJ_51 /* PBXTargetDependency */ = {
			isa = PBXTargetDependency;
			target = "SwiftParamTest::SwiftParamTest" /* SwiftParamTest */;
			targetProxy = E5A068482407AF0300FF06E4 /* PBXContainerItemProxy */;
		};
/* End PBXTargetDependency section */

/* Begin XCBuildConfiguration section */
		OBJ_26 /* Debug */ = {
			isa = XCBuildConfiguration;
			buildSettings = {
				APPLICATION_EXTENSION_API_ONLY = YES;
				ENABLE_BITCODE = NO;
				ENABLE_TESTABILITY = YES;
				FRAMEWORK_SEARCH_PATHS = (
					"$(inherited)",
					"$(PLATFORM_DIR)/Developer/Library/Frameworks",
				);
				HEADER_SEARCH_PATHS = "$(inherited)";
				INFOPLIST_FILE = SwiftParamTest.xcodeproj/SwiftParamTest_Info.plist;
				IPHONEOS_DEPLOYMENT_TARGET = 8.0;
				LD_RUNPATH_SEARCH_PATHS = "$(inherited) $(TOOLCHAIN_DIR)/usr/lib/swift/macosx";
				LIBRARY_SEARCH_PATHS = "$(PLATFORM_DIR)/Developer/usr/lib";
				MACOSX_DEPLOYMENT_TARGET = 10.10;
				OTHER_LDFLAGS = (
					"$(inherited)",
					"-Xlinker",
					"-no_application_extension",
					"-weak_framework",
					XCTEST,
					"-weak-lXCTestSwiftSupport$(inherited)",
					"-Xlinker",
					"-no_application_extension",
					"-weak_framework",
					XCTEST,
					"-weak-lXCTestSwiftSupport",
				);
				OTHER_SWIFT_FLAGS = "$(inherited)";
				PRODUCT_BUNDLE_IDENTIFIER = SwiftParamTest;
				PRODUCT_MODULE_NAME = "$(TARGET_NAME:c99extidentifier)";
				PRODUCT_NAME = "$(TARGET_NAME:c99extidentifier)";
				SKIP_INSTALL = YES;
				SWIFT_ACTIVE_COMPILATION_CONDITIONS = "$(inherited)";
				SWIFT_VERSION = 5.0;
				TARGET_NAME = SwiftParamTest;
				TVOS_DEPLOYMENT_TARGET = 9.0;
				WATCHOS_DEPLOYMENT_TARGET = 2.0;
			};
			name = Debug;
		};
		OBJ_27 /* Release */ = {
			isa = XCBuildConfiguration;
			buildSettings = {
				APPLICATION_EXTENSION_API_ONLY = YES;
				ENABLE_BITCODE = NO;
				ENABLE_TESTABILITY = YES;
				FRAMEWORK_SEARCH_PATHS = (
					"$(inherited)",
					"$(PLATFORM_DIR)/Developer/Library/Frameworks",
				);
				HEADER_SEARCH_PATHS = "$(inherited)";
				INFOPLIST_FILE = SwiftParamTest.xcodeproj/SwiftParamTest_Info.plist;
				IPHONEOS_DEPLOYMENT_TARGET = 8.0;
				LD_RUNPATH_SEARCH_PATHS = "$(inherited) $(TOOLCHAIN_DIR)/usr/lib/swift/macosx";
				LIBRARY_SEARCH_PATHS = "$(PLATFORM_DIR)/Developer/usr/lib";
				MACOSX_DEPLOYMENT_TARGET = 10.10;
				OTHER_LDFLAGS = (
					"$(inherited)",
					"-Xlinker",
					"-no_application_extension",
					"-weak_framework",
					XCTEST,
					"-weak-lXCTestSwiftSupport$(inherited)",
					"-Xlinker",
					"-no_application_extension",
					"-weak_framework",
					XCTEST,
					"-weak-lXCTestSwiftSupport",
				);
				OTHER_SWIFT_FLAGS = "$(inherited)";
				PRODUCT_BUNDLE_IDENTIFIER = SwiftParamTest;
				PRODUCT_MODULE_NAME = "$(TARGET_NAME:c99extidentifier)";
				PRODUCT_NAME = "$(TARGET_NAME:c99extidentifier)";
				SKIP_INSTALL = YES;
				SWIFT_ACTIVE_COMPILATION_CONDITIONS = "$(inherited)";
				SWIFT_VERSION = 5.0;
				TARGET_NAME = SwiftParamTest;
				TVOS_DEPLOYMENT_TARGET = 9.0;
				WATCHOS_DEPLOYMENT_TARGET = 2.0;
			};
			name = Release;
		};
		OBJ_3 /* Debug */ = {
			isa = XCBuildConfiguration;
			buildSettings = {
				CLANG_ENABLE_OBJC_ARC = YES;
				COMBINE_HIDPI_IMAGES = YES;
				COPY_PHASE_STRIP = NO;
				DEBUG_INFORMATION_FORMAT = dwarf;
				DYLIB_INSTALL_NAME_BASE = "@rpath";
				ENABLE_NS_ASSERTIONS = YES;
				GCC_OPTIMIZATION_LEVEL = 0;
				GCC_PREPROCESSOR_DEFINITIONS = (
					"$(inherited)",
					"SWIFT_PACKAGE=1",
					"DEBUG=1",
				);
				MACOSX_DEPLOYMENT_TARGET = 10.10;
				ONLY_ACTIVE_ARCH = YES;
				OTHER_SWIFT_FLAGS = "$(inherited) -DXcode";
				PRODUCT_NAME = "$(TARGET_NAME)";
				SDKROOT = macosx;
				SUPPORTED_PLATFORMS = "macosx iphoneos iphonesimulator appletvos appletvsimulator watchos watchsimulator";
				SWIFT_ACTIVE_COMPILATION_CONDITIONS = "$(inherited) SWIFT_PACKAGE DEBUG";
				SWIFT_OPTIMIZATION_LEVEL = "-Onone";
				USE_HEADERMAP = NO;
			};
			name = Debug;
		};
		OBJ_34 /* Debug */ = {
			isa = XCBuildConfiguration;
			buildSettings = {
				LD = /usr/bin/true;
				OTHER_SWIFT_FLAGS = "-swift-version 5 -I $(TOOLCHAIN_DIR)/usr/lib/swift/pm/4_2 -target x86_64-apple-macosx10.10 -sdk /Applications/Xcode_11.3.app/Contents/Developer/Platforms/MacOSX.platform/Developer/SDKs/MacOSX10.15.sdk -package-description-version 5.1";
				SWIFT_VERSION = 5.0;
			};
			name = Debug;
		};
		OBJ_35 /* Release */ = {
			isa = XCBuildConfiguration;
			buildSettings = {
				LD = /usr/bin/true;
				OTHER_SWIFT_FLAGS = "-swift-version 5 -I $(TOOLCHAIN_DIR)/usr/lib/swift/pm/4_2 -target x86_64-apple-macosx10.10 -sdk /Applications/Xcode_11.3.app/Contents/Developer/Platforms/MacOSX.platform/Developer/SDKs/MacOSX10.15.sdk -package-description-version 5.1";
				SWIFT_VERSION = 5.0;
			};
			name = Release;
		};
		OBJ_4 /* Release */ = {
			isa = XCBuildConfiguration;
			buildSettings = {
				CLANG_ENABLE_OBJC_ARC = YES;
				COMBINE_HIDPI_IMAGES = YES;
				COPY_PHASE_STRIP = YES;
				DEBUG_INFORMATION_FORMAT = "dwarf-with-dsym";
				DYLIB_INSTALL_NAME_BASE = "@rpath";
				GCC_OPTIMIZATION_LEVEL = s;
				GCC_PREPROCESSOR_DEFINITIONS = (
					"$(inherited)",
					"SWIFT_PACKAGE=1",
				);
				MACOSX_DEPLOYMENT_TARGET = 10.10;
				OTHER_SWIFT_FLAGS = "$(inherited) -DXcode";
				PRODUCT_NAME = "$(TARGET_NAME)";
				SDKROOT = macosx;
				SUPPORTED_PLATFORMS = "macosx iphoneos iphonesimulator appletvos appletvsimulator watchos watchsimulator";
				SWIFT_ACTIVE_COMPILATION_CONDITIONS = "$(inherited) SWIFT_PACKAGE";
				SWIFT_OPTIMIZATION_LEVEL = "-Owholemodule";
				USE_HEADERMAP = NO;
			};
			name = Release;
		};
		OBJ_40 /* Debug */ = {
			isa = XCBuildConfiguration;
			buildSettings = {
			};
			name = Debug;
		};
		OBJ_41 /* Release */ = {
			isa = XCBuildConfiguration;
			buildSettings = {
			};
			name = Release;
		};
		OBJ_45 /* Debug */ = {
			isa = XCBuildConfiguration;
			buildSettings = {
				CLANG_ENABLE_MODULES = YES;
				EMBEDDED_CONTENT_CONTAINS_SWIFT = YES;
				FRAMEWORK_SEARCH_PATHS = (
					"$(inherited)",
					"$(PLATFORM_DIR)/Developer/Library/Frameworks",
				);
				HEADER_SEARCH_PATHS = "$(inherited)";
				INFOPLIST_FILE = SwiftParamTest.xcodeproj/SwiftParamTestTests_Info.plist;
				IPHONEOS_DEPLOYMENT_TARGET = 8.0;
				LD_RUNPATH_SEARCH_PATHS = "$(inherited) @loader_path/../Frameworks @loader_path/Frameworks";
				MACOSX_DEPLOYMENT_TARGET = 10.10;
				OTHER_CFLAGS = "$(inherited)";
				OTHER_LDFLAGS = "$(inherited)";
				OTHER_SWIFT_FLAGS = "$(inherited)";
				SWIFT_ACTIVE_COMPILATION_CONDITIONS = "$(inherited)";
				SWIFT_VERSION = 5.0;
				TARGET_NAME = SwiftParamTestTests;
				TVOS_DEPLOYMENT_TARGET = 9.0;
				WATCHOS_DEPLOYMENT_TARGET = 2.0;
			};
			name = Debug;
		};
		OBJ_46 /* Release */ = {
			isa = XCBuildConfiguration;
			buildSettings = {
				CLANG_ENABLE_MODULES = YES;
				EMBEDDED_CONTENT_CONTAINS_SWIFT = YES;
				FRAMEWORK_SEARCH_PATHS = (
					"$(inherited)",
					"$(PLATFORM_DIR)/Developer/Library/Frameworks",
				);
				HEADER_SEARCH_PATHS = "$(inherited)";
				INFOPLIST_FILE = SwiftParamTest.xcodeproj/SwiftParamTestTests_Info.plist;
				IPHONEOS_DEPLOYMENT_TARGET = 8.0;
				LD_RUNPATH_SEARCH_PATHS = "$(inherited) @loader_path/../Frameworks @loader_path/Frameworks";
				MACOSX_DEPLOYMENT_TARGET = 10.10;
				OTHER_CFLAGS = "$(inherited)";
				OTHER_LDFLAGS = "$(inherited)";
				OTHER_SWIFT_FLAGS = "$(inherited)";
				SWIFT_ACTIVE_COMPILATION_CONDITIONS = "$(inherited)";
				SWIFT_VERSION = 5.0;
				TARGET_NAME = SwiftParamTestTests;
				TVOS_DEPLOYMENT_TARGET = 9.0;
				WATCHOS_DEPLOYMENT_TARGET = 2.0;
			};
			name = Release;
		};
/* End XCBuildConfiguration section */

/* Begin XCConfigurationList section */
		OBJ_2 /* Build configuration list for PBXProject "SwiftParamTest" */ = {
			isa = XCConfigurationList;
			buildConfigurations = (
				OBJ_3 /* Debug */,
				OBJ_4 /* Release */,
			);
			defaultConfigurationIsVisible = 0;
			defaultConfigurationName = Release;
		};
		OBJ_25 /* Build configuration list for PBXNativeTarget "SwiftParamTest" */ = {
			isa = XCConfigurationList;
			buildConfigurations = (
				OBJ_26 /* Debug */,
				OBJ_27 /* Release */,
			);
			defaultConfigurationIsVisible = 0;
			defaultConfigurationName = Release;
		};
		OBJ_33 /* Build configuration list for PBXNativeTarget "SwiftParamTestPackageDescription" */ = {
			isa = XCConfigurationList;
			buildConfigurations = (
				OBJ_34 /* Debug */,
				OBJ_35 /* Release */,
			);
			defaultConfigurationIsVisible = 0;
			defaultConfigurationName = Release;
		};
		OBJ_39 /* Build configuration list for PBXAggregateTarget "SwiftParamTestPackageTests" */ = {
			isa = XCConfigurationList;
			buildConfigurations = (
				OBJ_40 /* Debug */,
				OBJ_41 /* Release */,
			);
			defaultConfigurationIsVisible = 0;
			defaultConfigurationName = Release;
		};
		OBJ_44 /* Build configuration list for PBXNativeTarget "SwiftParamTestTests" */ = {
			isa = XCConfigurationList;
			buildConfigurations = (
				OBJ_45 /* Debug */,
				OBJ_46 /* Release */,
			);
			defaultConfigurationIsVisible = 0;
			defaultConfigurationName = Release;
		};
/* End XCConfigurationList section */
	};
	rootObject = OBJ_1 /* Project object */;
}
