// !$*UTF8*$!
{
	archiveVersion = 1;
	classes = {
	};
	objectVersion = 46;
	objects = {

/* Begin PBXAggregateTarget section */
		"SwiftParamTest::SwiftParamTestPackageTests::ProductTarget" /* SwiftParamTestPackageTests */ = {
			isa = PBXAggregateTarget;
			buildConfigurationList = OBJ_120 /* Build configuration list for PBXAggregateTarget "SwiftParamTestPackageTests" */;
			buildPhases = (
			);
			dependencies = (
				OBJ_123 /* PBXTargetDependency */,
			);
			name = SwiftParamTestPackageTests;
			productName = SwiftParamTestPackageTests;
		};
/* End PBXAggregateTarget section */

/* Begin PBXBuildFile section */
		E53C2DDB24307B5200B36891 /* Assertion.swift in Sources */ = {isa = PBXBuildFile; fileRef = E53C2DDA24307B5200B36891 /* Assertion.swift */; };
		E53C2DDE24307BD700B36891 /* XCTAssertion.swift in Sources */ = {isa = PBXBuildFile; fileRef = E53C2DDD24307BD700B36891 /* XCTAssertion.swift */; };
		E53C2DE124307F4700B36891 /* ThrowableRow.swift in Sources */ = {isa = PBXBuildFile; fileRef = E53C2DE024307F4700B36891 /* ThrowableRow.swift */; };
		E53C2DE324307FC200B36891 /* EqualRow.swift in Sources */ = {isa = PBXBuildFile; fileRef = E53C2DE224307FC200B36891 /* EqualRow.swift */; };
		E53C2DE52430804D00B36891 /* ParameterRow.swift in Sources */ = {isa = PBXBuildFile; fileRef = E53C2DE42430804D00B36891 /* ParameterRow.swift */; };
		E53C2DE72430815F00B36891 /* AnyParameterRow.swift in Sources */ = {isa = PBXBuildFile; fileRef = E53C2DE62430815F00B36891 /* AnyParameterRow.swift */; };
		E56CCF12242F6378000BCE93 /* ParameterizedTestRunner2.swift in Sources */ = {isa = PBXBuildFile; fileRef = E56CCF11242F6378000BCE93 /* ParameterizedTestRunner2.swift */; };
		E5B5EBB924301E4A00167A1B /* DSL.swift in Sources */ = {isa = PBXBuildFile; fileRef = E5B5EBB824301E4A00167A1B /* DSL.swift */; };
		OBJ_100 /* Row.swift in Sources */ = {isa = PBXBuildFile; fileRef = OBJ_12 /* Row.swift */; };
		OBJ_101 /* CustomAssertion.swift in Sources */ = {isa = PBXBuildFile; fileRef = OBJ_13 /* CustomAssertion.swift */; };
		OBJ_102 /* Args.swift in Sources */ = {isa = PBXBuildFile; fileRef = OBJ_15 /* Args.swift */; };
		OBJ_103 /* BasicDSLAssert.swift in Sources */ = {isa = PBXBuildFile; fileRef = OBJ_17 /* BasicDSLAssert.swift */; };
		OBJ_104 /* FunctionBuilderDSLAssert.swift in Sources */ = {isa = PBXBuildFile; fileRef = OBJ_19 /* FunctionBuilderDSLAssert.swift */; };
		OBJ_105 /* ParameterBuilder.swift in Sources */ = {isa = PBXBuildFile; fileRef = OBJ_20 /* ParameterBuilder.swift */; };
		OBJ_106 /* Operator.swift in Sources */ = {isa = PBXBuildFile; fileRef = OBJ_21 /* Operator.swift */; };
		OBJ_107 /* MarkdownTable.swift in Sources */ = {isa = PBXBuildFile; fileRef = OBJ_23 /* MarkdownTable.swift */; };
		OBJ_109 /* SHList.framework in Frameworks */ = {isa = PBXBuildFile; fileRef = "SHList::SHList::Product" /* SHList.framework */; };
		OBJ_110 /* Flatten.framework in Frameworks */ = {isa = PBXBuildFile; fileRef = "Flatten::Flatten::Product" /* Flatten.framework */; };
		OBJ_118 /* Package.swift in Sources */ = {isa = PBXBuildFile; fileRef = OBJ_6 /* Package.swift */; };
		OBJ_129 /* ParameterizedTestRunnerTests.swift in Sources */ = {isa = PBXBuildFile; fileRef = OBJ_27 /* ParameterizedTestRunnerTests.swift */; };
		OBJ_130 /* BasicDSLTests.swift in Sources */ = {isa = PBXBuildFile; fileRef = OBJ_29 /* BasicDSLTests.swift */; };
		OBJ_131 /* FunctionBuilderDSLTests.swift in Sources */ = {isa = PBXBuildFile; fileRef = OBJ_30 /* FunctionBuilderDSLTests.swift */; };
		OBJ_132 /* OperatorTests.swift in Sources */ = {isa = PBXBuildFile; fileRef = OBJ_31 /* OperatorTests.swift */; };
		OBJ_133 /* MarkdownTableTests.swift in Sources */ = {isa = PBXBuildFile; fileRef = OBJ_32 /* MarkdownTableTests.swift */; };
		OBJ_134 /* Function.swift in Sources */ = {isa = PBXBuildFile; fileRef = OBJ_34 /* Function.swift */; };
		OBJ_135 /* Assertions.swift in Sources */ = {isa = PBXBuildFile; fileRef = OBJ_36 /* Assertions.swift */; };
		OBJ_136 /* SpyCustomAssertion.swift in Sources */ = {isa = PBXBuildFile; fileRef = OBJ_37 /* SpyCustomAssertion.swift */; };
		OBJ_138 /* SwiftParamTest.framework in Frameworks */ = {isa = PBXBuildFile; fileRef = "SwiftParamTest::SwiftParamTest::Product" /* SwiftParamTest.framework */; };
		OBJ_139 /* SHList.framework in Frameworks */ = {isa = PBXBuildFile; fileRef = "SHList::SHList::Product" /* SHList.framework */; };
		OBJ_140 /* Flatten.framework in Frameworks */ = {isa = PBXBuildFile; fileRef = "Flatten::Flatten::Product" /* Flatten.framework */; };
		OBJ_71 /* Flatten.swift in Sources */ = {isa = PBXBuildFile; fileRef = OBJ_47 /* Flatten.swift */; };
		OBJ_78 /* Package.swift in Sources */ = {isa = PBXBuildFile; fileRef = OBJ_50 /* Package.swift */; };
		OBJ_84 /* SHList.swift in Sources */ = {isa = PBXBuildFile; fileRef = OBJ_41 /* SHList.swift */; };
		OBJ_91 /* Package.swift in Sources */ = {isa = PBXBuildFile; fileRef = OBJ_44 /* Package.swift */; };
		OBJ_98 /* ParameterizedTest.swift in Sources */ = {isa = PBXBuildFile; fileRef = OBJ_10 /* ParameterizedTest.swift */; };
		OBJ_99 /* ParameterizedTestRunner.swift in Sources */ = {isa = PBXBuildFile; fileRef = OBJ_11 /* ParameterizedTestRunner.swift */; };
/* End PBXBuildFile section */

/* Begin PBXContainerItemProxy section */
		E5CA0472242F2ECA0017EB26 /* PBXContainerItemProxy */ = {
			isa = PBXContainerItemProxy;
			containerPortal = OBJ_1 /* Project object */;
			proxyType = 1;
			remoteGlobalIDString = "SHList::SHList";
			remoteInfo = SHList;
		};
		E5CA0473242F2ECA0017EB26 /* PBXContainerItemProxy */ = {
			isa = PBXContainerItemProxy;
			containerPortal = OBJ_1 /* Project object */;
			proxyType = 1;
			remoteGlobalIDString = "Flatten::Flatten";
			remoteInfo = Flatten;
		};
		E5CA0474242F2ECB0017EB26 /* PBXContainerItemProxy */ = {
			isa = PBXContainerItemProxy;
			containerPortal = OBJ_1 /* Project object */;
			proxyType = 1;
			remoteGlobalIDString = "SwiftParamTest::SwiftParamTest";
			remoteInfo = SwiftParamTest;
		};
		E5CA0475242F2ECB0017EB26 /* PBXContainerItemProxy */ = {
			isa = PBXContainerItemProxy;
			containerPortal = OBJ_1 /* Project object */;
			proxyType = 1;
			remoteGlobalIDString = "SHList::SHList";
			remoteInfo = SHList;
		};
		E5CA0476242F2ECB0017EB26 /* PBXContainerItemProxy */ = {
			isa = PBXContainerItemProxy;
			containerPortal = OBJ_1 /* Project object */;
			proxyType = 1;
			remoteGlobalIDString = "Flatten::Flatten";
			remoteInfo = Flatten;
		};
		E5CA0477242F2ECC0017EB26 /* PBXContainerItemProxy */ = {
			isa = PBXContainerItemProxy;
			containerPortal = OBJ_1 /* Project object */;
			proxyType = 1;
			remoteGlobalIDString = "SwiftParamTest::SwiftParamTestTests";
			remoteInfo = SwiftParamTestTests;
		};
/* End PBXContainerItemProxy section */

/* Begin PBXFileReference section */
		E53C2DDA24307B5200B36891 /* Assertion.swift */ = {isa = PBXFileReference; lastKnownFileType = sourcecode.swift; path = Assertion.swift; sourceTree = "<group>"; };
		E53C2DDD24307BD700B36891 /* XCTAssertion.swift */ = {isa = PBXFileReference; lastKnownFileType = sourcecode.swift; path = XCTAssertion.swift; sourceTree = "<group>"; };
		E53C2DE024307F4700B36891 /* ThrowableRow.swift */ = {isa = PBXFileReference; lastKnownFileType = sourcecode.swift; path = ThrowableRow.swift; sourceTree = "<group>"; };
		E53C2DE224307FC200B36891 /* EqualRow.swift */ = {isa = PBXFileReference; lastKnownFileType = sourcecode.swift; path = EqualRow.swift; sourceTree = "<group>"; };
		E53C2DE42430804D00B36891 /* ParameterRow.swift */ = {isa = PBXFileReference; lastKnownFileType = sourcecode.swift; path = ParameterRow.swift; sourceTree = "<group>"; };
		E53C2DE62430815F00B36891 /* AnyParameterRow.swift */ = {isa = PBXFileReference; lastKnownFileType = sourcecode.swift; path = AnyParameterRow.swift; sourceTree = "<group>"; };
		E56CCF11242F6378000BCE93 /* ParameterizedTestRunner2.swift */ = {isa = PBXFileReference; lastKnownFileType = sourcecode.swift; path = ParameterizedTestRunner2.swift; sourceTree = "<group>"; };
		E5B5EBB824301E4A00167A1B /* DSL.swift */ = {isa = PBXFileReference; lastKnownFileType = sourcecode.swift; path = DSL.swift; sourceTree = "<group>"; };
		"Flatten::Flatten::Product" /* Flatten.framework */ = {isa = PBXFileReference; lastKnownFileType = wrapper.framework; path = Flatten.framework; sourceTree = BUILT_PRODUCTS_DIR; };
		OBJ_10 /* ParameterizedTest.swift */ = {isa = PBXFileReference; lastKnownFileType = sourcecode.swift; path = ParameterizedTest.swift; sourceTree = "<group>"; };
		OBJ_11 /* ParameterizedTestRunner.swift */ = {isa = PBXFileReference; lastKnownFileType = sourcecode.swift; path = ParameterizedTestRunner.swift; sourceTree = "<group>"; };
		OBJ_12 /* Row.swift */ = {isa = PBXFileReference; lastKnownFileType = sourcecode.swift; path = Row.swift; sourceTree = "<group>"; };
		OBJ_13 /* CustomAssertion.swift */ = {isa = PBXFileReference; lastKnownFileType = sourcecode.swift; path = CustomAssertion.swift; sourceTree = "<group>"; };
		OBJ_15 /* Args.swift */ = {isa = PBXFileReference; lastKnownFileType = sourcecode.swift; path = Args.swift; sourceTree = "<group>"; };
		OBJ_17 /* BasicDSLAssert.swift */ = {isa = PBXFileReference; lastKnownFileType = sourcecode.swift; path = BasicDSLAssert.swift; sourceTree = "<group>"; };
		OBJ_19 /* FunctionBuilderDSLAssert.swift */ = {isa = PBXFileReference; lastKnownFileType = sourcecode.swift; path = FunctionBuilderDSLAssert.swift; sourceTree = "<group>"; };
		OBJ_20 /* ParameterBuilder.swift */ = {isa = PBXFileReference; lastKnownFileType = sourcecode.swift; path = ParameterBuilder.swift; sourceTree = "<group>"; };
		OBJ_21 /* Operator.swift */ = {isa = PBXFileReference; lastKnownFileType = sourcecode.swift; path = Operator.swift; sourceTree = "<group>"; };
		OBJ_23 /* MarkdownTable.swift */ = {isa = PBXFileReference; lastKnownFileType = sourcecode.swift; path = MarkdownTable.swift; sourceTree = "<group>"; };
		OBJ_27 /* ParameterizedTestRunnerTests.swift */ = {isa = PBXFileReference; lastKnownFileType = sourcecode.swift; path = ParameterizedTestRunnerTests.swift; sourceTree = "<group>"; };
		OBJ_29 /* BasicDSLTests.swift */ = {isa = PBXFileReference; lastKnownFileType = sourcecode.swift; path = BasicDSLTests.swift; sourceTree = "<group>"; };
		OBJ_30 /* FunctionBuilderDSLTests.swift */ = {isa = PBXFileReference; lastKnownFileType = sourcecode.swift; path = FunctionBuilderDSLTests.swift; sourceTree = "<group>"; };
		OBJ_31 /* OperatorTests.swift */ = {isa = PBXFileReference; lastKnownFileType = sourcecode.swift; path = OperatorTests.swift; sourceTree = "<group>"; };
		OBJ_32 /* MarkdownTableTests.swift */ = {isa = PBXFileReference; lastKnownFileType = sourcecode.swift; path = MarkdownTableTests.swift; sourceTree = "<group>"; };
		OBJ_34 /* Function.swift */ = {isa = PBXFileReference; lastKnownFileType = sourcecode.swift; path = Function.swift; sourceTree = "<group>"; };
		OBJ_36 /* Assertions.swift */ = {isa = PBXFileReference; lastKnownFileType = sourcecode.swift; path = Assertions.swift; sourceTree = "<group>"; };
		OBJ_37 /* SpyCustomAssertion.swift */ = {isa = PBXFileReference; lastKnownFileType = sourcecode.swift; path = SpyCustomAssertion.swift; sourceTree = "<group>"; };
		OBJ_41 /* SHList.swift */ = {isa = PBXFileReference; lastKnownFileType = sourcecode.swift; path = SHList.swift; sourceTree = "<group>"; };
		OBJ_44 /* Package.swift */ = {isa = PBXFileReference; explicitFileType = sourcecode.swift; name = Package.swift; path = /Users/hosonumayuusuke/go/src/github.com/YusukeHosonuma/SwiftParamTest/.build/checkouts/SHList/Package.swift; sourceTree = "<group>"; };
		OBJ_47 /* Flatten.swift */ = {isa = PBXFileReference; lastKnownFileType = sourcecode.swift; path = Flatten.swift; sourceTree = "<group>"; };
		OBJ_50 /* Package.swift */ = {isa = PBXFileReference; explicitFileType = sourcecode.swift; name = Package.swift; path = /Users/hosonumayuusuke/go/src/github.com/YusukeHosonuma/SwiftParamTest/.build/checkouts/Flatten/Package.swift; sourceTree = "<group>"; };
		OBJ_56 /* Example */ = {isa = PBXFileReference; lastKnownFileType = folder; path = Example; sourceTree = SOURCE_ROOT; };
		OBJ_57 /* Image */ = {isa = PBXFileReference; lastKnownFileType = folder; path = Image; sourceTree = SOURCE_ROOT; };
		OBJ_58 /* vendor */ = {isa = PBXFileReference; lastKnownFileType = folder; path = vendor; sourceTree = SOURCE_ROOT; };
		OBJ_59 /* LICENSE */ = {isa = PBXFileReference; lastKnownFileType = text; path = LICENSE; sourceTree = "<group>"; };
		OBJ_6 /* Package.swift */ = {isa = PBXFileReference; explicitFileType = sourcecode.swift; path = Package.swift; sourceTree = "<group>"; };
		OBJ_60 /* Makefile */ = {isa = PBXFileReference; lastKnownFileType = sourcecode.make; path = Makefile; sourceTree = "<group>"; };
		OBJ_61 /* README.md */ = {isa = PBXFileReference; lastKnownFileType = net.daringfireball.markdown; path = README.md; sourceTree = "<group>"; };
		OBJ_62 /* Gemfile */ = {isa = PBXFileReference; lastKnownFileType = text; path = Gemfile; sourceTree = "<group>"; };
		OBJ_63 /* Gemfile.lock */ = {isa = PBXFileReference; lastKnownFileType = text; path = Gemfile.lock; sourceTree = "<group>"; };
		OBJ_64 /* Brewfile */ = {isa = PBXFileReference; lastKnownFileType = text; path = Brewfile; sourceTree = "<group>"; };
		OBJ_65 /* SwiftParamTest.podspec */ = {isa = PBXFileReference; lastKnownFileType = text; path = SwiftParamTest.podspec; sourceTree = "<group>"; };
		"SHList::SHList::Product" /* SHList.framework */ = {isa = PBXFileReference; lastKnownFileType = wrapper.framework; path = SHList.framework; sourceTree = BUILT_PRODUCTS_DIR; };
		"SwiftParamTest::SwiftParamTest::Product" /* SwiftParamTest.framework */ = {isa = PBXFileReference; lastKnownFileType = wrapper.framework; path = SwiftParamTest.framework; sourceTree = BUILT_PRODUCTS_DIR; };
		"SwiftParamTest::SwiftParamTestTests::Product" /* SwiftParamTestTests.xctest */ = {isa = PBXFileReference; lastKnownFileType = file; path = SwiftParamTestTests.xctest; sourceTree = BUILT_PRODUCTS_DIR; };
/* End PBXFileReference section */

/* Begin PBXFrameworksBuildPhase section */
		OBJ_108 /* Frameworks */ = {
			isa = PBXFrameworksBuildPhase;
			buildActionMask = 0;
			files = (
				OBJ_109 /* SHList.framework in Frameworks */,
				OBJ_110 /* Flatten.framework in Frameworks */,
			);
			runOnlyForDeploymentPostprocessing = 0;
		};
		OBJ_137 /* Frameworks */ = {
			isa = PBXFrameworksBuildPhase;
			buildActionMask = 0;
			files = (
				OBJ_138 /* SwiftParamTest.framework in Frameworks */,
				OBJ_139 /* SHList.framework in Frameworks */,
				OBJ_140 /* Flatten.framework in Frameworks */,
			);
			runOnlyForDeploymentPostprocessing = 0;
		};
		OBJ_72 /* Frameworks */ = {
			isa = PBXFrameworksBuildPhase;
			buildActionMask = 0;
			files = (
			);
			runOnlyForDeploymentPostprocessing = 0;
		};
		OBJ_85 /* Frameworks */ = {
			isa = PBXFrameworksBuildPhase;
			buildActionMask = 0;
			files = (
			);
			runOnlyForDeploymentPostprocessing = 0;
		};
/* End PBXFrameworksBuildPhase section */

/* Begin PBXGroup section */
		E53C2DDC24307BB600B36891 /* Assertion */ = {
			isa = PBXGroup;
			children = (
				E53C2DDA24307B5200B36891 /* Assertion.swift */,
				E53C2DDD24307BD700B36891 /* XCTAssertion.swift */,
			);
			path = Assertion;
			sourceTree = "<group>";
		};
		E53C2DDF24307F1B00B36891 /* Row */ = {
			isa = PBXGroup;
			children = (
				E53C2DE024307F4700B36891 /* ThrowableRow.swift */,
				E53C2DE224307FC200B36891 /* EqualRow.swift */,
				E53C2DE42430804D00B36891 /* ParameterRow.swift */,
				OBJ_12 /* Row.swift */,
			);
			path = Row;
			sourceTree = "<group>";
		};
		OBJ_14 /* DSL */ = {
			isa = PBXGroup;
			children = (
				OBJ_15 /* Args.swift */,
				OBJ_16 /* Basic */,
				OBJ_18 /* FunctionBuilder */,
				OBJ_21 /* Operator.swift */,
			);
			path = DSL;
			sourceTree = "<group>";
		};
		OBJ_16 /* Basic */ = {
			isa = PBXGroup;
			children = (
				OBJ_17 /* BasicDSLAssert.swift */,
			);
			path = Basic;
			sourceTree = "<group>";
		};
		OBJ_18 /* FunctionBuilder */ = {
			isa = PBXGroup;
			children = (
				OBJ_19 /* FunctionBuilderDSLAssert.swift */,
				OBJ_20 /* ParameterBuilder.swift */,
				E53C2DE62430815F00B36891 /* AnyParameterRow.swift */,
			);
			path = FunctionBuilder;
			sourceTree = "<group>";
		};
		OBJ_22 /* Util */ = {
			isa = PBXGroup;
			children = (
				OBJ_23 /* MarkdownTable.swift */,
			);
			path = Util;
			sourceTree = "<group>";
		};
		OBJ_24 /* Tests */ = {
			isa = PBXGroup;
			children = (
				OBJ_25 /* SwiftParamTestTests */,
			);
			name = Tests;
			sourceTree = SOURCE_ROOT;
		};
		OBJ_25 /* SwiftParamTestTests */ = {
			isa = PBXGroup;
			children = (
				OBJ_26 /* Core */,
				OBJ_28 /* DSL */,
				OBJ_32 /* MarkdownTableTests.swift */,
				OBJ_33 /* _Asset */,
				OBJ_35 /* _Helper */,
			);
			name = SwiftParamTestTests;
			path = Tests/SwiftParamTestTests;
			sourceTree = SOURCE_ROOT;
		};
		OBJ_26 /* Core */ = {
			isa = PBXGroup;
			children = (
				OBJ_27 /* ParameterizedTestRunnerTests.swift */,
			);
			path = Core;
			sourceTree = "<group>";
		};
		OBJ_28 /* DSL */ = {
			isa = PBXGroup;
			children = (
				OBJ_29 /* BasicDSLTests.swift */,
				OBJ_30 /* FunctionBuilderDSLTests.swift */,
				OBJ_31 /* OperatorTests.swift */,
			);
			path = DSL;
			sourceTree = "<group>";
		};
		OBJ_33 /* _Asset */ = {
			isa = PBXGroup;
			children = (
				OBJ_34 /* Function.swift */,
			);
			path = _Asset;
			sourceTree = "<group>";
		};
		OBJ_35 /* _Helper */ = {
			isa = PBXGroup;
			children = (
				OBJ_36 /* Assertions.swift */,
				OBJ_37 /* SpyCustomAssertion.swift */,
			);
			path = _Helper;
			sourceTree = "<group>";
		};
		OBJ_38 /* Dependencies */ = {
			isa = PBXGroup;
			children = (
				OBJ_39 /* SHList */,
				OBJ_45 /* Flatten 0.1.0 */,
			);
			name = Dependencies;
			sourceTree = "<group>";
		};
		OBJ_39 /* SHList */ = {
			isa = PBXGroup;
			children = (
				OBJ_40 /* SHList */,
				OBJ_42 /* SHListGen */,
				OBJ_43 /* SHListGenLib */,
				OBJ_44 /* Package.swift */,
			);
			name = SHList;
			sourceTree = SOURCE_ROOT;
		};
		OBJ_40 /* SHList */ = {
			isa = PBXGroup;
			children = (
				OBJ_41 /* SHList.swift */,
			);
			name = SHList;
			path = .build/checkouts/SHList/Sources/SHList;
			sourceTree = SOURCE_ROOT;
		};
		OBJ_42 /* SHListGen */ = {
			isa = PBXGroup;
			children = (
			);
			name = SHListGen;
			path = .build/checkouts/SHList/Sources/SHListGen;
			sourceTree = SOURCE_ROOT;
		};
		OBJ_43 /* SHListGenLib */ = {
			isa = PBXGroup;
			children = (
			);
			name = SHListGenLib;
			path = .build/checkouts/SHList/Sources/SHListGenLib;
			sourceTree = SOURCE_ROOT;
		};
		OBJ_45 /* Flatten 0.1.0 */ = {
			isa = PBXGroup;
			children = (
				OBJ_46 /* Flatten */,
				OBJ_48 /* FlattenGen */,
				OBJ_49 /* FlattenGenLib */,
				OBJ_50 /* Package.swift */,
			);
			name = "Flatten 0.1.0";
			sourceTree = SOURCE_ROOT;
		};
		OBJ_46 /* Flatten */ = {
			isa = PBXGroup;
			children = (
				OBJ_47 /* Flatten.swift */,
			);
			name = Flatten;
			path = .build/checkouts/Flatten/Sources/Flatten;
			sourceTree = SOURCE_ROOT;
		};
		OBJ_48 /* FlattenGen */ = {
			isa = PBXGroup;
			children = (
			);
			name = FlattenGen;
			path = .build/checkouts/Flatten/Sources/FlattenGen;
			sourceTree = SOURCE_ROOT;
		};
		OBJ_49 /* FlattenGenLib */ = {
			isa = PBXGroup;
			children = (
			);
			name = FlattenGenLib;
			path = .build/checkouts/Flatten/Sources/FlattenGenLib;
			sourceTree = SOURCE_ROOT;
		};
		OBJ_5 = {
			isa = PBXGroup;
			children = (
				OBJ_6 /* Package.swift */,
				OBJ_7 /* Sources */,
				OBJ_24 /* Tests */,
				OBJ_38 /* Dependencies */,
				OBJ_51 /* Products */,
				OBJ_56 /* Example */,
				OBJ_57 /* Image */,
				OBJ_58 /* vendor */,
				OBJ_59 /* LICENSE */,
				OBJ_60 /* Makefile */,
				OBJ_61 /* README.md */,
				OBJ_62 /* Gemfile */,
				OBJ_63 /* Gemfile.lock */,
				OBJ_64 /* Brewfile */,
				OBJ_65 /* SwiftParamTest.podspec */,
			);
			sourceTree = "<group>";
		};
		OBJ_51 /* Products */ = {
			isa = PBXGroup;
			children = (
				"Flatten::Flatten::Product" /* Flatten.framework */,
				"SwiftParamTest::SwiftParamTest::Product" /* SwiftParamTest.framework */,
				"SwiftParamTest::SwiftParamTestTests::Product" /* SwiftParamTestTests.xctest */,
				"SHList::SHList::Product" /* SHList.framework */,
			);
			name = Products;
			sourceTree = BUILT_PRODUCTS_DIR;
		};
		OBJ_7 /* Sources */ = {
			isa = PBXGroup;
			children = (
				OBJ_8 /* Core */,
				OBJ_13 /* CustomAssertion.swift */,
				OBJ_14 /* DSL */,
				OBJ_22 /* Util */,
			);
			path = Sources;
			sourceTree = SOURCE_ROOT;
		};
		OBJ_8 /* Core */ = {
			isa = PBXGroup;
			children = (
				E53C2DDF24307F1B00B36891 /* Row */,
				E53C2DDC24307BB600B36891 /* Assertion */,
				OBJ_10 /* ParameterizedTest.swift */,
				OBJ_11 /* ParameterizedTestRunner.swift */,
				E56CCF11242F6378000BCE93 /* ParameterizedTestRunner2.swift */,
				E5B5EBB824301E4A00167A1B /* DSL.swift */,
			);
			path = Core;
			sourceTree = "<group>";
		};
/* End PBXGroup section */

/* Begin PBXNativeTarget section */
		"Flatten::Flatten" /* Flatten */ = {
			isa = PBXNativeTarget;
			buildConfigurationList = OBJ_67 /* Build configuration list for PBXNativeTarget "Flatten" */;
			buildPhases = (
				OBJ_70 /* Sources */,
				OBJ_72 /* Frameworks */,
			);
			buildRules = (
			);
			dependencies = (
			);
			name = Flatten;
			productName = Flatten;
			productReference = "Flatten::Flatten::Product" /* Flatten.framework */;
			productType = "com.apple.product-type.framework";
		};
		"Flatten::SwiftPMPackageDescription" /* FlattenPackageDescription */ = {
			isa = PBXNativeTarget;
			buildConfigurationList = OBJ_74 /* Build configuration list for PBXNativeTarget "FlattenPackageDescription" */;
			buildPhases = (
				OBJ_77 /* Sources */,
			);
			buildRules = (
			);
			dependencies = (
			);
			name = FlattenPackageDescription;
			productName = FlattenPackageDescription;
			productType = "com.apple.product-type.framework";
		};
		"SHList::SHList" /* SHList */ = {
			isa = PBXNativeTarget;
			buildConfigurationList = OBJ_80 /* Build configuration list for PBXNativeTarget "SHList" */;
			buildPhases = (
				OBJ_83 /* Sources */,
				OBJ_85 /* Frameworks */,
			);
			buildRules = (
			);
			dependencies = (
			);
			name = SHList;
			productName = SHList;
			productReference = "SHList::SHList::Product" /* SHList.framework */;
			productType = "com.apple.product-type.framework";
		};
		"SHList::SwiftPMPackageDescription" /* SHListPackageDescription */ = {
			isa = PBXNativeTarget;
			buildConfigurationList = OBJ_87 /* Build configuration list for PBXNativeTarget "SHListPackageDescription" */;
			buildPhases = (
				OBJ_90 /* Sources */,
			);
			buildRules = (
			);
			dependencies = (
			);
			name = SHListPackageDescription;
			productName = SHListPackageDescription;
			productType = "com.apple.product-type.framework";
		};
		"SwiftParamTest::SwiftPMPackageDescription" /* SwiftParamTestPackageDescription */ = {
			isa = PBXNativeTarget;
			buildConfigurationList = OBJ_114 /* Build configuration list for PBXNativeTarget "SwiftParamTestPackageDescription" */;
			buildPhases = (
				OBJ_117 /* Sources */,
			);
			buildRules = (
			);
			dependencies = (
			);
			name = SwiftParamTestPackageDescription;
			productName = SwiftParamTestPackageDescription;
			productType = "com.apple.product-type.framework";
		};
		"SwiftParamTest::SwiftParamTest" /* SwiftParamTest */ = {
			isa = PBXNativeTarget;
			buildConfigurationList = OBJ_93 /* Build configuration list for PBXNativeTarget "SwiftParamTest" */;
			buildPhases = (
				OBJ_96 /* Sources */,
				OBJ_108 /* Frameworks */,
			);
			buildRules = (
			);
			dependencies = (
				OBJ_111 /* PBXTargetDependency */,
				OBJ_112 /* PBXTargetDependency */,
			);
			name = SwiftParamTest;
			productName = SwiftParamTest;
			productReference = "SwiftParamTest::SwiftParamTest::Product" /* SwiftParamTest.framework */;
			productType = "com.apple.product-type.framework";
		};
		"SwiftParamTest::SwiftParamTestTests" /* SwiftParamTestTests */ = {
			isa = PBXNativeTarget;
			buildConfigurationList = OBJ_125 /* Build configuration list for PBXNativeTarget "SwiftParamTestTests" */;
			buildPhases = (
				OBJ_128 /* Sources */,
				OBJ_137 /* Frameworks */,
			);
			buildRules = (
			);
			dependencies = (
				OBJ_141 /* PBXTargetDependency */,
				OBJ_142 /* PBXTargetDependency */,
				OBJ_143 /* PBXTargetDependency */,
			);
			name = SwiftParamTestTests;
			productName = SwiftParamTestTests;
			productReference = "SwiftParamTest::SwiftParamTestTests::Product" /* SwiftParamTestTests.xctest */;
			productType = "com.apple.product-type.bundle.unit-test";
		};
/* End PBXNativeTarget section */

/* Begin PBXProject section */
		OBJ_1 /* Project object */ = {
			isa = PBXProject;
			attributes = {
				LastSwiftMigration = 9999;
				LastUpgradeCheck = 9999;
			};
			buildConfigurationList = OBJ_2 /* Build configuration list for PBXProject "SwiftParamTest" */;
			compatibilityVersion = "Xcode 3.2";
			developmentRegion = en;
			hasScannedForEncodings = 0;
			knownRegions = (
				en,
			);
			mainGroup = OBJ_5;
			productRefGroup = OBJ_51 /* Products */;
			projectDirPath = "";
			projectRoot = "";
			targets = (
				"Flatten::Flatten" /* Flatten */,
				"Flatten::SwiftPMPackageDescription" /* FlattenPackageDescription */,
				"SHList::SHList" /* SHList */,
				"SHList::SwiftPMPackageDescription" /* SHListPackageDescription */,
				"SwiftParamTest::SwiftParamTest" /* SwiftParamTest */,
				"SwiftParamTest::SwiftPMPackageDescription" /* SwiftParamTestPackageDescription */,
				"SwiftParamTest::SwiftParamTestPackageTests::ProductTarget" /* SwiftParamTestPackageTests */,
				"SwiftParamTest::SwiftParamTestTests" /* SwiftParamTestTests */,
			);
		};
/* End PBXProject section */

/* Begin PBXSourcesBuildPhase section */
		OBJ_117 /* Sources */ = {
			isa = PBXSourcesBuildPhase;
			buildActionMask = 0;
			files = (
				OBJ_118 /* Package.swift in Sources */,
			);
			runOnlyForDeploymentPostprocessing = 0;
		};
		OBJ_128 /* Sources */ = {
			isa = PBXSourcesBuildPhase;
			buildActionMask = 0;
			files = (
				OBJ_129 /* ParameterizedTestRunnerTests.swift in Sources */,
				OBJ_130 /* BasicDSLTests.swift in Sources */,
				OBJ_131 /* FunctionBuilderDSLTests.swift in Sources */,
				OBJ_132 /* OperatorTests.swift in Sources */,
				OBJ_133 /* MarkdownTableTests.swift in Sources */,
				OBJ_134 /* Function.swift in Sources */,
				OBJ_135 /* Assertions.swift in Sources */,
				OBJ_136 /* SpyCustomAssertion.swift in Sources */,
			);
			runOnlyForDeploymentPostprocessing = 0;
		};
		OBJ_70 /* Sources */ = {
			isa = PBXSourcesBuildPhase;
			buildActionMask = 0;
			files = (
				OBJ_71 /* Flatten.swift in Sources */,
			);
			runOnlyForDeploymentPostprocessing = 0;
		};
		OBJ_77 /* Sources */ = {
			isa = PBXSourcesBuildPhase;
			buildActionMask = 0;
			files = (
				OBJ_78 /* Package.swift in Sources */,
			);
			runOnlyForDeploymentPostprocessing = 0;
		};
		OBJ_83 /* Sources */ = {
			isa = PBXSourcesBuildPhase;
			buildActionMask = 0;
			files = (
				OBJ_84 /* SHList.swift in Sources */,
			);
			runOnlyForDeploymentPostprocessing = 0;
		};
		OBJ_90 /* Sources */ = {
			isa = PBXSourcesBuildPhase;
			buildActionMask = 0;
			files = (
				OBJ_91 /* Package.swift in Sources */,
			);
			runOnlyForDeploymentPostprocessing = 0;
		};
		OBJ_96 /* Sources */ = {
			isa = PBXSourcesBuildPhase;
			buildActionMask = 0;
			files = (
				OBJ_98 /* ParameterizedTest.swift in Sources */,
				OBJ_99 /* ParameterizedTestRunner.swift in Sources */,
				OBJ_100 /* Row.swift in Sources */,
				E5B5EBB924301E4A00167A1B /* DSL.swift in Sources */,
				E53C2DDE24307BD700B36891 /* XCTAssertion.swift in Sources */,
				OBJ_101 /* CustomAssertion.swift in Sources */,
				OBJ_102 /* Args.swift in Sources */,
				E53C2DE72430815F00B36891 /* AnyParameterRow.swift in Sources */,
				OBJ_103 /* BasicDSLAssert.swift in Sources */,
				OBJ_104 /* FunctionBuilderDSLAssert.swift in Sources */,
				E53C2DE324307FC200B36891 /* EqualRow.swift in Sources */,
				OBJ_105 /* ParameterBuilder.swift in Sources */,
				OBJ_106 /* Operator.swift in Sources */,
				E53C2DE52430804D00B36891 /* ParameterRow.swift in Sources */,
				OBJ_107 /* MarkdownTable.swift in Sources */,
				E53C2DDB24307B5200B36891 /* Assertion.swift in Sources */,
				E53C2DE124307F4700B36891 /* ThrowableRow.swift in Sources */,
				E56CCF12242F6378000BCE93 /* ParameterizedTestRunner2.swift in Sources */,
			);
			runOnlyForDeploymentPostprocessing = 0;
		};
/* End PBXSourcesBuildPhase section */

/* Begin PBXTargetDependency section */
		OBJ_111 /* PBXTargetDependency */ = {
			isa = PBXTargetDependency;
			target = "SHList::SHList" /* SHList */;
			targetProxy = E5CA0472242F2ECA0017EB26 /* PBXContainerItemProxy */;
		};
		OBJ_112 /* PBXTargetDependency */ = {
			isa = PBXTargetDependency;
			target = "Flatten::Flatten" /* Flatten */;
			targetProxy = E5CA0473242F2ECA0017EB26 /* PBXContainerItemProxy */;
		};
		OBJ_123 /* PBXTargetDependency */ = {
			isa = PBXTargetDependency;
			target = "SwiftParamTest::SwiftParamTestTests" /* SwiftParamTestTests */;
			targetProxy = E5CA0477242F2ECC0017EB26 /* PBXContainerItemProxy */;
		};
		OBJ_141 /* PBXTargetDependency */ = {
			isa = PBXTargetDependency;
			target = "SwiftParamTest::SwiftParamTest" /* SwiftParamTest */;
			targetProxy = E5CA0474242F2ECB0017EB26 /* PBXContainerItemProxy */;
		};
		OBJ_142 /* PBXTargetDependency */ = {
			isa = PBXTargetDependency;
			target = "SHList::SHList" /* SHList */;
			targetProxy = E5CA0475242F2ECB0017EB26 /* PBXContainerItemProxy */;
		};
		OBJ_143 /* PBXTargetDependency */ = {
			isa = PBXTargetDependency;
			target = "Flatten::Flatten" /* Flatten */;
			targetProxy = E5CA0476242F2ECB0017EB26 /* PBXContainerItemProxy */;
		};
/* End PBXTargetDependency section */

/* Begin XCBuildConfiguration section */
		OBJ_115 /* Debug */ = {
			isa = XCBuildConfiguration;
			buildSettings = {
				LD = /usr/bin/true;
				OTHER_SWIFT_FLAGS = "-swift-version 5 -I $(TOOLCHAIN_DIR)/usr/lib/swift/pm/4_2 -target x86_64-apple-macosx10.10 -sdk /Applications/Xcode-11.3.app/Contents/Developer/Platforms/MacOSX.platform/Developer/SDKs/MacOSX10.15.sdk -package-description-version 5.1.0";
				SWIFT_VERSION = 5.0;
			};
			name = Debug;
		};
		OBJ_116 /* Release */ = {
			isa = XCBuildConfiguration;
			buildSettings = {
				LD = /usr/bin/true;
				OTHER_SWIFT_FLAGS = "-swift-version 5 -I $(TOOLCHAIN_DIR)/usr/lib/swift/pm/4_2 -target x86_64-apple-macosx10.10 -sdk /Applications/Xcode-11.3.app/Contents/Developer/Platforms/MacOSX.platform/Developer/SDKs/MacOSX10.15.sdk -package-description-version 5.1.0";
				SWIFT_VERSION = 5.0;
			};
			name = Release;
		};
		OBJ_121 /* Debug */ = {
			isa = XCBuildConfiguration;
			buildSettings = {
			};
			name = Debug;
		};
		OBJ_122 /* Release */ = {
			isa = XCBuildConfiguration;
			buildSettings = {
			};
			name = Release;
		};
		OBJ_126 /* Debug */ = {
			isa = XCBuildConfiguration;
			buildSettings = {
				CLANG_ENABLE_MODULES = YES;
				EMBEDDED_CONTENT_CONTAINS_SWIFT = YES;
				FRAMEWORK_SEARCH_PATHS = (
					"$(inherited)",
					"$(PLATFORM_DIR)/Developer/Library/Frameworks",
				);
				HEADER_SEARCH_PATHS = "$(inherited)";
				INFOPLIST_FILE = SwiftParamTest.xcodeproj/SwiftParamTestTests_Info.plist;
				IPHONEOS_DEPLOYMENT_TARGET = 8.0;
				LD_RUNPATH_SEARCH_PATHS = "$(inherited) @loader_path/../Frameworks @loader_path/Frameworks";
				MACOSX_DEPLOYMENT_TARGET = 10.10;
				OTHER_CFLAGS = "$(inherited)";
				OTHER_LDFLAGS = "$(inherited)";
				OTHER_SWIFT_FLAGS = "$(inherited)";
				SWIFT_ACTIVE_COMPILATION_CONDITIONS = "$(inherited)";
				SWIFT_VERSION = 5.0;
				TARGET_NAME = SwiftParamTestTests;
				TVOS_DEPLOYMENT_TARGET = 9.0;
				WATCHOS_DEPLOYMENT_TARGET = 2.0;
			};
			name = Debug;
		};
		OBJ_127 /* Release */ = {
			isa = XCBuildConfiguration;
			buildSettings = {
				CLANG_ENABLE_MODULES = YES;
				EMBEDDED_CONTENT_CONTAINS_SWIFT = YES;
				FRAMEWORK_SEARCH_PATHS = (
					"$(inherited)",
					"$(PLATFORM_DIR)/Developer/Library/Frameworks",
				);
				HEADER_SEARCH_PATHS = "$(inherited)";
				INFOPLIST_FILE = SwiftParamTest.xcodeproj/SwiftParamTestTests_Info.plist;
				IPHONEOS_DEPLOYMENT_TARGET = 8.0;
				LD_RUNPATH_SEARCH_PATHS = "$(inherited) @loader_path/../Frameworks @loader_path/Frameworks";
				MACOSX_DEPLOYMENT_TARGET = 10.10;
				OTHER_CFLAGS = "$(inherited)";
				OTHER_LDFLAGS = "$(inherited)";
				OTHER_SWIFT_FLAGS = "$(inherited)";
				SWIFT_ACTIVE_COMPILATION_CONDITIONS = "$(inherited)";
				SWIFT_VERSION = 5.0;
				TARGET_NAME = SwiftParamTestTests;
				TVOS_DEPLOYMENT_TARGET = 9.0;
				WATCHOS_DEPLOYMENT_TARGET = 2.0;
			};
			name = Release;
		};
		OBJ_3 /* Debug */ = {
			isa = XCBuildConfiguration;
			buildSettings = {
				CLANG_ENABLE_OBJC_ARC = YES;
				COMBINE_HIDPI_IMAGES = YES;
				COPY_PHASE_STRIP = NO;
				DEBUG_INFORMATION_FORMAT = dwarf;
				DYLIB_INSTALL_NAME_BASE = "@rpath";
				ENABLE_NS_ASSERTIONS = YES;
				GCC_OPTIMIZATION_LEVEL = 0;
				GCC_PREPROCESSOR_DEFINITIONS = (
					"$(inherited)",
					"SWIFT_PACKAGE=1",
					"DEBUG=1",
				);
				MACOSX_DEPLOYMENT_TARGET = 10.10;
				ONLY_ACTIVE_ARCH = YES;
				OTHER_SWIFT_FLAGS = "$(inherited) -DXcode";
				PRODUCT_NAME = "$(TARGET_NAME)";
				SDKROOT = macosx;
				SUPPORTED_PLATFORMS = "macosx iphoneos iphonesimulator appletvos appletvsimulator watchos watchsimulator";
				SWIFT_ACTIVE_COMPILATION_CONDITIONS = "$(inherited) SWIFT_PACKAGE DEBUG";
				SWIFT_OPTIMIZATION_LEVEL = "-Onone";
				USE_HEADERMAP = NO;
			};
			name = Debug;
		};
		OBJ_4 /* Release */ = {
			isa = XCBuildConfiguration;
			buildSettings = {
				CLANG_ENABLE_OBJC_ARC = YES;
				COMBINE_HIDPI_IMAGES = YES;
				COPY_PHASE_STRIP = YES;
				DEBUG_INFORMATION_FORMAT = "dwarf-with-dsym";
				DYLIB_INSTALL_NAME_BASE = "@rpath";
				GCC_OPTIMIZATION_LEVEL = s;
				GCC_PREPROCESSOR_DEFINITIONS = (
					"$(inherited)",
					"SWIFT_PACKAGE=1",
				);
				MACOSX_DEPLOYMENT_TARGET = 10.10;
				OTHER_SWIFT_FLAGS = "$(inherited) -DXcode";
				PRODUCT_NAME = "$(TARGET_NAME)";
				SDKROOT = macosx;
				SUPPORTED_PLATFORMS = "macosx iphoneos iphonesimulator appletvos appletvsimulator watchos watchsimulator";
				SWIFT_ACTIVE_COMPILATION_CONDITIONS = "$(inherited) SWIFT_PACKAGE";
				SWIFT_OPTIMIZATION_LEVEL = "-Owholemodule";
				USE_HEADERMAP = NO;
			};
			name = Release;
		};
		OBJ_68 /* Debug */ = {
			isa = XCBuildConfiguration;
			buildSettings = {
				ENABLE_TESTABILITY = YES;
				FRAMEWORK_SEARCH_PATHS = (
					"$(inherited)",
					"$(PLATFORM_DIR)/Developer/Library/Frameworks",
				);
				HEADER_SEARCH_PATHS = "$(inherited)";
				INFOPLIST_FILE = SwiftParamTest.xcodeproj/Flatten_Info.plist;
				IPHONEOS_DEPLOYMENT_TARGET = 8.0;
				LD_RUNPATH_SEARCH_PATHS = "$(inherited) $(TOOLCHAIN_DIR)/usr/lib/swift/macosx";
				MACOSX_DEPLOYMENT_TARGET = 10.10;
				OTHER_CFLAGS = "$(inherited)";
				OTHER_LDFLAGS = "$(inherited)";
				OTHER_SWIFT_FLAGS = "$(inherited)";
				PRODUCT_BUNDLE_IDENTIFIER = Flatten;
				PRODUCT_MODULE_NAME = "$(TARGET_NAME:c99extidentifier)";
				PRODUCT_NAME = "$(TARGET_NAME:c99extidentifier)";
				SKIP_INSTALL = YES;
				SWIFT_ACTIVE_COMPILATION_CONDITIONS = "$(inherited)";
				SWIFT_VERSION = 5.0;
				TARGET_NAME = Flatten;
				TVOS_DEPLOYMENT_TARGET = 9.0;
				WATCHOS_DEPLOYMENT_TARGET = 2.0;
			};
			name = Debug;
		};
		OBJ_69 /* Release */ = {
			isa = XCBuildConfiguration;
			buildSettings = {
				ENABLE_TESTABILITY = YES;
				FRAMEWORK_SEARCH_PATHS = (
					"$(inherited)",
					"$(PLATFORM_DIR)/Developer/Library/Frameworks",
				);
				HEADER_SEARCH_PATHS = "$(inherited)";
				INFOPLIST_FILE = SwiftParamTest.xcodeproj/Flatten_Info.plist;
				IPHONEOS_DEPLOYMENT_TARGET = 8.0;
				LD_RUNPATH_SEARCH_PATHS = "$(inherited) $(TOOLCHAIN_DIR)/usr/lib/swift/macosx";
				MACOSX_DEPLOYMENT_TARGET = 10.10;
				OTHER_CFLAGS = "$(inherited)";
				OTHER_LDFLAGS = "$(inherited)";
				OTHER_SWIFT_FLAGS = "$(inherited)";
				PRODUCT_BUNDLE_IDENTIFIER = Flatten;
				PRODUCT_MODULE_NAME = "$(TARGET_NAME:c99extidentifier)";
				PRODUCT_NAME = "$(TARGET_NAME:c99extidentifier)";
				SKIP_INSTALL = YES;
				SWIFT_ACTIVE_COMPILATION_CONDITIONS = "$(inherited)";
				SWIFT_VERSION = 5.0;
				TARGET_NAME = Flatten;
				TVOS_DEPLOYMENT_TARGET = 9.0;
				WATCHOS_DEPLOYMENT_TARGET = 2.0;
			};
			name = Release;
		};
		OBJ_75 /* Debug */ = {
			isa = XCBuildConfiguration;
			buildSettings = {
				LD = /usr/bin/true;
				OTHER_SWIFT_FLAGS = "-swift-version 5 -I $(TOOLCHAIN_DIR)/usr/lib/swift/pm/4_2 -target x86_64-apple-macosx10.10 -sdk /Applications/Xcode-11.3.app/Contents/Developer/Platforms/MacOSX.platform/Developer/SDKs/MacOSX10.15.sdk -package-description-version 5.1.0";
				SWIFT_VERSION = 5.0;
			};
			name = Debug;
		};
		OBJ_76 /* Release */ = {
			isa = XCBuildConfiguration;
			buildSettings = {
				LD = /usr/bin/true;
				OTHER_SWIFT_FLAGS = "-swift-version 5 -I $(TOOLCHAIN_DIR)/usr/lib/swift/pm/4_2 -target x86_64-apple-macosx10.10 -sdk /Applications/Xcode-11.3.app/Contents/Developer/Platforms/MacOSX.platform/Developer/SDKs/MacOSX10.15.sdk -package-description-version 5.1.0";
				SWIFT_VERSION = 5.0;
			};
			name = Release;
		};
		OBJ_81 /* Debug */ = {
			isa = XCBuildConfiguration;
			buildSettings = {
				ENABLE_TESTABILITY = YES;
				FRAMEWORK_SEARCH_PATHS = (
					"$(inherited)",
					"$(PLATFORM_DIR)/Developer/Library/Frameworks",
				);
				HEADER_SEARCH_PATHS = "$(inherited)";
				INFOPLIST_FILE = SwiftParamTest.xcodeproj/SHList_Info.plist;
				IPHONEOS_DEPLOYMENT_TARGET = 8.0;
				LD_RUNPATH_SEARCH_PATHS = "$(inherited) $(TOOLCHAIN_DIR)/usr/lib/swift/macosx";
				MACOSX_DEPLOYMENT_TARGET = 10.10;
				OTHER_CFLAGS = "$(inherited)";
				OTHER_LDFLAGS = "$(inherited)";
				OTHER_SWIFT_FLAGS = "$(inherited)";
				PRODUCT_BUNDLE_IDENTIFIER = SHList;
				PRODUCT_MODULE_NAME = "$(TARGET_NAME:c99extidentifier)";
				PRODUCT_NAME = "$(TARGET_NAME:c99extidentifier)";
				SKIP_INSTALL = YES;
				SWIFT_ACTIVE_COMPILATION_CONDITIONS = "$(inherited)";
				SWIFT_VERSION = 5.0;
				TARGET_NAME = SHList;
				TVOS_DEPLOYMENT_TARGET = 9.0;
				WATCHOS_DEPLOYMENT_TARGET = 2.0;
			};
			name = Debug;
		};
		OBJ_82 /* Release */ = {
			isa = XCBuildConfiguration;
			buildSettings = {
				ENABLE_TESTABILITY = YES;
				FRAMEWORK_SEARCH_PATHS = (
					"$(inherited)",
					"$(PLATFORM_DIR)/Developer/Library/Frameworks",
				);
				HEADER_SEARCH_PATHS = "$(inherited)";
				INFOPLIST_FILE = SwiftParamTest.xcodeproj/SHList_Info.plist;
				IPHONEOS_DEPLOYMENT_TARGET = 8.0;
				LD_RUNPATH_SEARCH_PATHS = "$(inherited) $(TOOLCHAIN_DIR)/usr/lib/swift/macosx";
				MACOSX_DEPLOYMENT_TARGET = 10.10;
				OTHER_CFLAGS = "$(inherited)";
				OTHER_LDFLAGS = "$(inherited)";
				OTHER_SWIFT_FLAGS = "$(inherited)";
				PRODUCT_BUNDLE_IDENTIFIER = SHList;
				PRODUCT_MODULE_NAME = "$(TARGET_NAME:c99extidentifier)";
				PRODUCT_NAME = "$(TARGET_NAME:c99extidentifier)";
				SKIP_INSTALL = YES;
				SWIFT_ACTIVE_COMPILATION_CONDITIONS = "$(inherited)";
				SWIFT_VERSION = 5.0;
				TARGET_NAME = SHList;
				TVOS_DEPLOYMENT_TARGET = 9.0;
				WATCHOS_DEPLOYMENT_TARGET = 2.0;
			};
			name = Release;
		};
		OBJ_88 /* Debug */ = {
			isa = XCBuildConfiguration;
			buildSettings = {
				LD = /usr/bin/true;
				OTHER_SWIFT_FLAGS = "-swift-version 5 -I $(TOOLCHAIN_DIR)/usr/lib/swift/pm/4_2 -target x86_64-apple-macosx10.10 -sdk /Applications/Xcode-11.3.app/Contents/Developer/Platforms/MacOSX.platform/Developer/SDKs/MacOSX10.15.sdk -package-description-version 5.1.0";
				SWIFT_VERSION = 5.0;
			};
			name = Debug;
		};
		OBJ_89 /* Release */ = {
			isa = XCBuildConfiguration;
			buildSettings = {
				LD = /usr/bin/true;
				OTHER_SWIFT_FLAGS = "-swift-version 5 -I $(TOOLCHAIN_DIR)/usr/lib/swift/pm/4_2 -target x86_64-apple-macosx10.10 -sdk /Applications/Xcode-11.3.app/Contents/Developer/Platforms/MacOSX.platform/Developer/SDKs/MacOSX10.15.sdk -package-description-version 5.1.0";
				SWIFT_VERSION = 5.0;
			};
			name = Release;
		};
		OBJ_94 /* Debug */ = {
			isa = XCBuildConfiguration;
			buildSettings = {
				ENABLE_TESTABILITY = YES;
				FRAMEWORK_SEARCH_PATHS = (
					"$(inherited)",
					"$(PLATFORM_DIR)/Developer/Library/Frameworks",
				);
				HEADER_SEARCH_PATHS = "$(inherited)";
				INFOPLIST_FILE = SwiftParamTest.xcodeproj/SwiftParamTest_Info.plist;
				IPHONEOS_DEPLOYMENT_TARGET = 8.0;
				LD_RUNPATH_SEARCH_PATHS = "$(inherited) $(TOOLCHAIN_DIR)/usr/lib/swift/macosx";
				MACOSX_DEPLOYMENT_TARGET = 10.10;
				OTHER_CFLAGS = "$(inherited)";
				OTHER_LDFLAGS = "$(inherited)";
				OTHER_SWIFT_FLAGS = "$(inherited)";
				PRODUCT_BUNDLE_IDENTIFIER = SwiftParamTest;
				PRODUCT_MODULE_NAME = "$(TARGET_NAME:c99extidentifier)";
				PRODUCT_NAME = "$(TARGET_NAME:c99extidentifier)";
				SKIP_INSTALL = YES;
				SWIFT_ACTIVE_COMPILATION_CONDITIONS = "$(inherited)";
				SWIFT_VERSION = 5.0;
				TARGET_NAME = SwiftParamTest;
				TVOS_DEPLOYMENT_TARGET = 9.0;
				WATCHOS_DEPLOYMENT_TARGET = 2.0;
			};
			name = Debug;
		};
		OBJ_95 /* Release */ = {
			isa = XCBuildConfiguration;
			buildSettings = {
				ENABLE_TESTABILITY = YES;
				FRAMEWORK_SEARCH_PATHS = (
					"$(inherited)",
					"$(PLATFORM_DIR)/Developer/Library/Frameworks",
				);
				HEADER_SEARCH_PATHS = "$(inherited)";
				INFOPLIST_FILE = SwiftParamTest.xcodeproj/SwiftParamTest_Info.plist;
				IPHONEOS_DEPLOYMENT_TARGET = 8.0;
				LD_RUNPATH_SEARCH_PATHS = "$(inherited) $(TOOLCHAIN_DIR)/usr/lib/swift/macosx";
				MACOSX_DEPLOYMENT_TARGET = 10.10;
				OTHER_CFLAGS = "$(inherited)";
				OTHER_LDFLAGS = "$(inherited)";
				OTHER_SWIFT_FLAGS = "$(inherited)";
				PRODUCT_BUNDLE_IDENTIFIER = SwiftParamTest;
				PRODUCT_MODULE_NAME = "$(TARGET_NAME:c99extidentifier)";
				PRODUCT_NAME = "$(TARGET_NAME:c99extidentifier)";
				SKIP_INSTALL = YES;
				SWIFT_ACTIVE_COMPILATION_CONDITIONS = "$(inherited)";
				SWIFT_VERSION = 5.0;
				TARGET_NAME = SwiftParamTest;
				TVOS_DEPLOYMENT_TARGET = 9.0;
				WATCHOS_DEPLOYMENT_TARGET = 2.0;
			};
			name = Release;
		};
/* End XCBuildConfiguration section */

/* Begin XCConfigurationList section */
		OBJ_114 /* Build configuration list for PBXNativeTarget "SwiftParamTestPackageDescription" */ = {
			isa = XCConfigurationList;
			buildConfigurations = (
				OBJ_115 /* Debug */,
				OBJ_116 /* Release */,
			);
			defaultConfigurationIsVisible = 0;
			defaultConfigurationName = Release;
		};
		OBJ_120 /* Build configuration list for PBXAggregateTarget "SwiftParamTestPackageTests" */ = {
			isa = XCConfigurationList;
			buildConfigurations = (
				OBJ_121 /* Debug */,
				OBJ_122 /* Release */,
			);
			defaultConfigurationIsVisible = 0;
			defaultConfigurationName = Release;
		};
		OBJ_125 /* Build configuration list for PBXNativeTarget "SwiftParamTestTests" */ = {
			isa = XCConfigurationList;
			buildConfigurations = (
				OBJ_126 /* Debug */,
				OBJ_127 /* Release */,
			);
			defaultConfigurationIsVisible = 0;
			defaultConfigurationName = Release;
		};
		OBJ_2 /* Build configuration list for PBXProject "SwiftParamTest" */ = {
			isa = XCConfigurationList;
			buildConfigurations = (
				OBJ_3 /* Debug */,
				OBJ_4 /* Release */,
			);
			defaultConfigurationIsVisible = 0;
			defaultConfigurationName = Release;
		};
		OBJ_67 /* Build configuration list for PBXNativeTarget "Flatten" */ = {
			isa = XCConfigurationList;
			buildConfigurations = (
				OBJ_68 /* Debug */,
				OBJ_69 /* Release */,
			);
			defaultConfigurationIsVisible = 0;
			defaultConfigurationName = Release;
		};
		OBJ_74 /* Build configuration list for PBXNativeTarget "FlattenPackageDescription" */ = {
			isa = XCConfigurationList;
			buildConfigurations = (
				OBJ_75 /* Debug */,
				OBJ_76 /* Release */,
			);
			defaultConfigurationIsVisible = 0;
			defaultConfigurationName = Release;
		};
		OBJ_80 /* Build configuration list for PBXNativeTarget "SHList" */ = {
			isa = XCConfigurationList;
			buildConfigurations = (
				OBJ_81 /* Debug */,
				OBJ_82 /* Release */,
			);
			defaultConfigurationIsVisible = 0;
			defaultConfigurationName = Release;
		};
		OBJ_87 /* Build configuration list for PBXNativeTarget "SHListPackageDescription" */ = {
			isa = XCConfigurationList;
			buildConfigurations = (
				OBJ_88 /* Debug */,
				OBJ_89 /* Release */,
			);
			defaultConfigurationIsVisible = 0;
			defaultConfigurationName = Release;
		};
		OBJ_93 /* Build configuration list for PBXNativeTarget "SwiftParamTest" */ = {
			isa = XCConfigurationList;
			buildConfigurations = (
				OBJ_94 /* Debug */,
				OBJ_95 /* Release */,
			);
			defaultConfigurationIsVisible = 0;
			defaultConfigurationName = Release;
		};
/* End XCConfigurationList section */
	};
	rootObject = OBJ_1 /* Project object */;
}
